
Microsoft Visual Studio Solution File, Format Version 11.00
# Visual Studio 2010
Project("{FAE04EC0-301F-11D3-BF4B-00C04F79EFBC}") = "BiblioCommons", "BiblioCommons\BiblioCommons.csproj", "{04B5A3F8-7EE9-4D33-8819-9EBEAEF6109E}"
EndProject
Project("{FAE04EC0-301F-11D3-BF4B-00C04F79EFBC}") = "BiblioCommons.Tests", "BiblioCommons.Tests\BiblioCommons.Tests.csproj", "{EB4CF0BC-B589-4CDD-B4F0-1054A32E05B3}"
EndProject
Global
	GlobalSection(SolutionConfigurationPlatforms) = preSolution
		Debug|Any CPU = Debug|Any CPU
		Release|Any CPU = Release|Any CPU
	EndGlobalSection
	GlobalSection(ProjectConfigurationPlatforms) = postSolution
		{04B5A3F8-7EE9-4D33-8819-9EBEAEF6109E}.Debug|Any CPU.ActiveCfg = Debug|Any CPU
		{04B5A3F8-7EE9-4D33-8819-9EBEAEF6109E}.Debug|Any CPU.Build.0 = Debug|Any CPU
		{04B5A3F8-7EE9-4D33-8819-9EBEAEF6109E}.Release|Any CPU.ActiveCfg = Release|Any CPU
		{04B5A3F8-7EE9-4D33-8819-9EBEAEF6109E}.Release|Any CPU.Build.0 = Release|Any CPU
		{EB4CF0BC-B589-4CDD-B4F0-1054A32E05B3}.Debug|Any CPU.ActiveCfg = Debug|Any CPU
		{EB4CF0BC-B589-4CDD-B4F0-1054A32E05B3}.Debug|Any CPU.Build.0 = Debug|Any CPU
		{EB4CF0BC-B589-4CDD-B4F0-1054A32E05B3}.Release|Any CPU.ActiveCfg = Release|Any CPU
		{EB4CF0BC-B589-4CDD-B4F0-1054A32E05B3}.Release|Any CPU.Build.0 = Release|Any CPU
	EndGlobalSection
	GlobalSection(SolutionProperties) = preSolution
		HideSolutionNode = FALSE
	EndGlobalSection
EndGlobal
